{
  "name": "toyproject",
  "lockfileVersion": 3,
  "requires": true,
  "packages": {
    "": {
      "dependencies": {
        "turbo": "^2.3.3"
      }
    },
    "node_modules/turbo": {
      "version": "2.3.3",
      "resolved": "https://registry.npmjs.org/turbo/-/turbo-2.3.3.tgz",
      "integrity": "sha512-DUHWQAcC8BTiUZDRzAYGvpSpGLiaOQPfYXlCieQbwUvmml/LRGIe3raKdrOPOoiX0DYlzxs2nH6BoWJoZrj8hA==",
      "license": "MIT",
      "bin": {
        "turbo": "bin/turbo"
      },
      "optionalDependencies": {
        "turbo-darwin-64": "2.3.3",
        "turbo-darwin-arm64": "2.3.3",
        "turbo-linux-64": "2.3.3",
        "turbo-linux-arm64": "2.3.3",
        "turbo-windows-64": "2.3.3",
        "turbo-windows-arm64": "2.3.3"
      }
    },
    "node_modules/turbo-darwin-64": {
      "version": "2.3.3",
      "resolved": "https://registry.npmjs.org/turbo-darwin-64/-/turbo-darwin-64-2.3.3.tgz",
      "integrity": "sha512-bxX82xe6du/3rPmm4aCC5RdEilIN99VUld4HkFQuw+mvFg6darNBuQxyWSHZTtc25XgYjQrjsV05888w1grpaA==",
      "cpu": [
        "x64"
      ],
      "license": "MIT",
      "optional": true,
      "os": [
        "darwin"
      ]
    },
    "node_modules/turbo-darwin-arm64": {
      "version": "2.3.3",
      "resolved": "https://registry.npmjs.org/turbo-darwin-arm64/-/turbo-darwin-arm64-2.3.3.tgz",
      "integrity": "sha512-DYbQwa3NsAuWkCUYVzfOUBbSUBVQzH5HWUFy2Kgi3fGjIWVZOFk86ss+xsWu//rlEAfYwEmopigsPYSmW4X15A==",
      "cpu": [
        "arm64"
      ],
      "license": "MIT",
      "optional": true,
      "os": [
        "darwin"
      ]
    },
    "node_modules/turbo-linux-64": {
      "version": "2.3.3",
      "resolved": "https://registry.npmjs.org/turbo-linux-64/-/turbo-linux-64-2.3.3.tgz",
      "integrity": "sha512-eHj9OIB0dFaP6BxB88jSuaCLsOQSYWBgmhy2ErCu6D2GG6xW3b6e2UWHl/1Ho9FsTg4uVgo4DB9wGsKa5erjUA==",
      "cpu": [
        "x64"
      ],
      "license": "MIT",
      "optional": true,
      "os": [
        "linux"
      ]
    },
    "node_modules/turbo-linux-arm64": {
      "version": "2.3.3",
      "resolved": "https://registry.npmjs.org/turbo-linux-arm64/-/turbo-linux-arm64-2.3.3.tgz",
      "integrity": "sha512-NmDE/NjZoDj1UWBhMtOPmqFLEBKhzGS61KObfrDEbXvU3lekwHeoPvAMfcovzswzch+kN2DrtbNIlz+/rp8OCg==",
      "cpu": [
        "arm64"
      ],
      "license": "MIT",
      "optional": true,
      "os": [
        "linux"
      ]
    },
    "node_modules/turbo-windows-64": {
      "version": "2.3.3",
      "resolved": "https://registry.npmjs.org/turbo-windows-64/-/turbo-windows-64-2.3.3.tgz",
      "integrity": "sha512-O2+BS4QqjK3dOERscXqv7N2GXNcqHr9hXumkMxDj/oGx9oCatIwnnwx34UmzodloSnJpgSqjl8iRWiY65SmYoQ==",
      "cpu": [
        "x64"
      ],
      "license": "MIT",
      "optional": true,
      "os": [
        "win32"
      ]
    },
    "node_modules/turbo-windows-arm64": {
      "version": "2.3.3",
      "resolved": "https://registry.npmjs.org/turbo-windows-arm64/-/turbo-windows-arm64-2.3.3.tgz",
      "integrity": "sha512-dW4ZK1r6XLPNYLIKjC4o87HxYidtRRcBeo/hZ9Wng2XM/MqqYkAyzJXJGgRMsc0MMEN9z4+ZIfnSNBrA0b08ag==",
      "cpu": [
        "arm64"
      ],
      "license": "MIT",
      "optional": true,
      "os": [
        "win32"
      ]
    }
  }
}
